github.com/aws/aws-lambda-go v1.8.1 h1:nHBpP6XC30bwF6qWKrw/BrK2A8i4GKmSZzajTBIJS4A=
github.com/aws/aws-lambda-go v1.8.1/go.mod h1:zUsUQhAUjYzR8AuduJPCfhBuKWUaDbQiPOG+ouzmE1A=
github.com/awslabs/aws-lambda-go-api-proxy v0.2.0 h1:rlPO5+qdErTggV9EVXU3x+mZkX7zWwG9xL6tmX+1c+8=
github.com/awslabs/aws-lambda-go-api-proxy v0.2.0/go.mod h1:1WYCl0lFZD+KAqdW+usdz46oShDhOEj3uTw09Qv++28=
github.com/go-chi/chi v3.3.3+incompatible h1:KHkmBEMNkwKuK4FdQL7N2wOeB9jnIx7jR5wsuSBEFI8=
github.com/go-chi/chi v3.3.3+incompatible/go.mod h1:eB3wogJHnLi3x/kFX2A+IbTBlXxmMeXJVKy9tTv1XzQ=
github.com/go-chi/render v1.0.1 h1:4/5tis2cKaNdnv9zFLfXzcquC9HbeZgCnxGnKrltBS8=
github.com/go-chi/render v1.0.1/go.mod h1:pq4Rr7HbnsdaeHagklXub+p6Wd16Af5l9koip1OvJns=
github.com/go-playground/form v3.1.3+incompatible h1:GY0v2KFh5AYLVffrkgCFcaN7hcFaX8VXMOAGQ+WtpZs=
github.com/go-playground/form v3.1.3+incompatible/go.mod h1:lhcKXfTuhRtIZCIKUeJ0b5F207aeQCPbZU09ScKjwWg=
github.com/go-playground/locales v0.12.1 h1:2FITxuFt/xuCNP1Acdhv62OzaCiviiE4kotfhkmOqEc=
github.com/go-playground/locales v0.12.1/go.mod h1:IUMDtCfWo/w/mtMfIE/IG2K+Ey3ygWanZIBtBW0W2TM=
github.com/go-playground/universal-translator v0.16.0 h1:X++omBR/4cE2MNg91AoC3rmGrCjJ8eAeUP/K/EKx4DM=
github.com/go-playground/universal-translator v0.16.0/go.mod h1:1AnU7NaIRDWWzGEKwgtJRd2xk99HeFyHw3yid4rvQIY=
github.com/leodido/go-urn v1.1.0 h1:Sm1gr51B1kKyfD2BlRcLSiEkffoG96g6TPv6eRoEiB8=
github.com/leodido/go-urn v1.1.0/go.mod h1:+cyI34gQWZcE1eQU7NVgKkkzdXDQHr1dBMtdAPozLkw=
github.com/minchao/go-gcis v0.0.0-20181216042317-3dc7b0995a78 h1:rLazSgEatU2/3bk88lqGyFJf7RKHa4aWQsgVn/FGVik=
github.com/minchao/go-gcis v0.0.0-20181216042317-3dc7b0995a78/go.mod h1:CXhWoJjpHZS4C6YzoymEKUrC2eGEuDIBxWhL/ZvRpbI=
gopkg.in/go-playground/validator.v9 v9.24.0 h1:4pXadp8xZVW4WR1Ygw8zDqeCMVHxTGI9tPWyzD2XSzY=
gopkg.in/go-playground/validator.v9 v9.24.0/go.mod h1:+c9/zcJMFNgbLvly1L1V+PpxWdVbfP1avr/N00E2vyQ=
